
Microsoft Visual Studio Solution File, Format Version 12.00
# Visual Studio 15
VisualStudioVersion = 15.0.28307.1738
MinimumVisualStudioVersion = 10.0.40219.1
Project("{FAE04EC0-301F-11D3-BF4B-00C04F79EFBC}") = "web development", "web development\web development.csproj", "{BA7C6C5E-C383-44FD-958F-731EB4BFC301}"
EndProject
Global
	GlobalSection(SolutionConfigurationPlatforms) = preSolution
		Debug|Any CPU = Debug|Any CPU
		Release|Any CPU = Release|Any CPU
	EndGlobalSection
	GlobalSection(ProjectConfigurationPlatforms) = postSolution
		{BA7C6C5E-C383-44FD-958F-731EB4BFC301}.Debug|Any CPU.ActiveCfg = Debug|Any CPU
		{BA7C6C5E-C383-44FD-958F-731EB4BFC301}.Debug|Any CPU.Build.0 = Debug|Any CPU
		{BA7C6C5E-C383-44FD-958F-731EB4BFC301}.Release|Any CPU.ActiveCfg = Release|Any CPU
		{BA7C6C5E-C383-44FD-958F-731EB4BFC301}.Release|Any CPU.Build.0 = Release|Any CPU
	EndGlobalSection
	GlobalSection(SolutionProperties) = preSolution
		HideSolutionNode = FALSE
	EndGlobalSection
	GlobalSection(ExtensibilityGlobals) = postSolution
		SolutionGuid = {81476150-EC6C-4EE6-AB7A-BD846A2325F6}
	EndGlobalSection
EndGlobal
